
Microsoft Visual Studio Solution File, Format Version 12.00
# Visual Studio Version 17
VisualStudioVersion = 17.4.33213.308
MinimumVisualStudioVersion = 10.0.40219.1
Project("{9A19103F-16F7-4668-BE54-9A1E7A4F7556}") = "Day1", "Day1\Day1.csproj", "{898F855E-A848-4692-95BD-DB530EF9B6D3}"
EndProject
Project("{9A19103F-16F7-4668-BE54-9A1E7A4F7556}") = "Day4", "Day4\Day4.csproj", "{1DC02B38-B002-4723-AB90-29C6AAB53062}"
EndProject
Project("{9A19103F-16F7-4668-BE54-9A1E7A4F7556}") = "Day2", "Day2\Day2.csproj", "{5C4FA1BF-22D1-46D2-B503-B615C597C502}"
EndProject
Project("{9A19103F-16F7-4668-BE54-9A1E7A4F7556}") = "Day5", "Day5\Day5.csproj", "{CA5D72F6-BC48-4844-AFB5-89FCF6835E76}"
EndProject
Project("{9A19103F-16F7-4668-BE54-9A1E7A4F7556}") = "Day3", "Day3\Day3.csproj", "{DE46EB9A-638C-4A4A-8F7D-08ACCC1A78F8}"
EndProject
Project("{9A19103F-16F7-4668-BE54-9A1E7A4F7556}") = "Day6", "Day6\Day6.csproj", "{44E70911-1A63-47BF-A6D1-55F35259AE2B}"
EndProject
Project("{9A19103F-16F7-4668-BE54-9A1E7A4F7556}") = "Day7", "Day7\Day7.csproj", "{E4840BD2-AF30-4FA2-9852-B4602842495C}"
EndProject
Project("{9A19103F-16F7-4668-BE54-9A1E7A4F7556}") = "Day8", "Day8\Day8.csproj", "{DC9F1A11-881B-43DF-82A0-DEB9A6737FC4}"
EndProject
Project("{9A19103F-16F7-4668-BE54-9A1E7A4F7556}") = "Day9", "Day9\Day9.csproj", "{1B78E70D-E6D5-47EE-BCA7-52EDB22448B3}"
EndProject
Project("{FAE04EC0-301F-11D3-BF4B-00C04F79EFBC}") = "Day10", "Day10\Day10.csproj", "{825C058C-C593-4542-9F7C-FC1ABD9BBCD5}"
EndProject
Project("{FAE04EC0-301F-11D3-BF4B-00C04F79EFBC}") = "Day11", "Day11\Day11.csproj", "{3CC05FAC-3C29-4B3E-AFF6-2A8D07E1103E}"
EndProject
Project("{FAE04EC0-301F-11D3-BF4B-00C04F79EFBC}") = "Day12", "Day12\Day12.csproj", "{CDB208B2-788A-42AB-8B32-B1CF38677F7C}"
EndProject
Global
	GlobalSection(SolutionConfigurationPlatforms) = preSolution
		Debug|Any CPU = Debug|Any CPU
		Release|Any CPU = Release|Any CPU
	EndGlobalSection
	GlobalSection(ProjectConfigurationPlatforms) = postSolution
		{898F855E-A848-4692-95BD-DB530EF9B6D3}.Debug|Any CPU.ActiveCfg = Debug|Any CPU
		{898F855E-A848-4692-95BD-DB530EF9B6D3}.Debug|Any CPU.Build.0 = Debug|Any CPU
		{898F855E-A848-4692-95BD-DB530EF9B6D3}.Release|Any CPU.ActiveCfg = Release|Any CPU
		{898F855E-A848-4692-95BD-DB530EF9B6D3}.Release|Any CPU.Build.0 = Release|Any CPU
		{1DC02B38-B002-4723-AB90-29C6AAB53062}.Debug|Any CPU.ActiveCfg = Debug|Any CPU
		{1DC02B38-B002-4723-AB90-29C6AAB53062}.Debug|Any CPU.Build.0 = Debug|Any CPU
		{1DC02B38-B002-4723-AB90-29C6AAB53062}.Release|Any CPU.ActiveCfg = Release|Any CPU
		{1DC02B38-B002-4723-AB90-29C6AAB53062}.Release|Any CPU.Build.0 = Release|Any CPU
		{5C4FA1BF-22D1-46D2-B503-B615C597C502}.Debug|Any CPU.ActiveCfg = Debug|Any CPU
		{5C4FA1BF-22D1-46D2-B503-B615C597C502}.Debug|Any CPU.Build.0 = Debug|Any CPU
		{5C4FA1BF-22D1-46D2-B503-B615C597C502}.Release|Any CPU.ActiveCfg = Release|Any CPU
		{5C4FA1BF-22D1-46D2-B503-B615C597C502}.Release|Any CPU.Build.0 = Release|Any CPU
		{CA5D72F6-BC48-4844-AFB5-89FCF6835E76}.Debug|Any CPU.ActiveCfg = Debug|Any CPU
		{CA5D72F6-BC48-4844-AFB5-89FCF6835E76}.Debug|Any CPU.Build.0 = Debug|Any CPU
		{CA5D72F6-BC48-4844-AFB5-89FCF6835E76}.Release|Any CPU.ActiveCfg = Release|Any CPU
		{CA5D72F6-BC48-4844-AFB5-89FCF6835E76}.Release|Any CPU.Build.0 = Release|Any CPU
		{DE46EB9A-638C-4A4A-8F7D-08ACCC1A78F8}.Debug|Any CPU.ActiveCfg = Debug|Any CPU
		{DE46EB9A-638C-4A4A-8F7D-08ACCC1A78F8}.Debug|Any CPU.Build.0 = Debug|Any CPU
		{DE46EB9A-638C-4A4A-8F7D-08ACCC1A78F8}.Release|Any CPU.ActiveCfg = Release|Any CPU
		{DE46EB9A-638C-4A4A-8F7D-08ACCC1A78F8}.Release|Any CPU.Build.0 = Release|Any CPU
		{44E70911-1A63-47BF-A6D1-55F35259AE2B}.Debug|Any CPU.ActiveCfg = Debug|Any CPU
		{44E70911-1A63-47BF-A6D1-55F35259AE2B}.Debug|Any CPU.Build.0 = Debug|Any CPU
		{44E70911-1A63-47BF-A6D1-55F35259AE2B}.Release|Any CPU.ActiveCfg = Release|Any CPU
		{44E70911-1A63-47BF-A6D1-55F35259AE2B}.Release|Any CPU.Build.0 = Release|Any CPU
		{E4840BD2-AF30-4FA2-9852-B4602842495C}.Debug|Any CPU.ActiveCfg = Debug|Any CPU
		{E4840BD2-AF30-4FA2-9852-B4602842495C}.Debug|Any CPU.Build.0 = Debug|Any CPU
		{E4840BD2-AF30-4FA2-9852-B4602842495C}.Release|Any CPU.ActiveCfg = Release|Any CPU
		{E4840BD2-AF30-4FA2-9852-B4602842495C}.Release|Any CPU.Build.0 = Release|Any CPU
		{DC9F1A11-881B-43DF-82A0-DEB9A6737FC4}.Debug|Any CPU.ActiveCfg = Debug|Any CPU
		{DC9F1A11-881B-43DF-82A0-DEB9A6737FC4}.Debug|Any CPU.Build.0 = Debug|Any CPU
		{DC9F1A11-881B-43DF-82A0-DEB9A6737FC4}.Release|Any CPU.ActiveCfg = Release|Any CPU
		{DC9F1A11-881B-43DF-82A0-DEB9A6737FC4}.Release|Any CPU.Build.0 = Release|Any CPU
		{1B78E70D-E6D5-47EE-BCA7-52EDB22448B3}.Debug|Any CPU.ActiveCfg = Debug|Any CPU
		{1B78E70D-E6D5-47EE-BCA7-52EDB22448B3}.Debug|Any CPU.Build.0 = Debug|Any CPU
		{1B78E70D-E6D5-47EE-BCA7-52EDB22448B3}.Release|Any CPU.ActiveCfg = Release|Any CPU
		{1B78E70D-E6D5-47EE-BCA7-52EDB22448B3}.Release|Any CPU.Build.0 = Release|Any CPU
		{825C058C-C593-4542-9F7C-FC1ABD9BBCD5}.Debug|Any CPU.ActiveCfg = Debug|Any CPU
		{825C058C-C593-4542-9F7C-FC1ABD9BBCD5}.Debug|Any CPU.Build.0 = Debug|Any CPU
		{825C058C-C593-4542-9F7C-FC1ABD9BBCD5}.Release|Any CPU.ActiveCfg = Release|Any CPU
		{825C058C-C593-4542-9F7C-FC1ABD9BBCD5}.Release|Any CPU.Build.0 = Release|Any CPU
		{3CC05FAC-3C29-4B3E-AFF6-2A8D07E1103E}.Debug|Any CPU.ActiveCfg = Debug|Any CPU
		{3CC05FAC-3C29-4B3E-AFF6-2A8D07E1103E}.Debug|Any CPU.Build.0 = Debug|Any CPU
		{3CC05FAC-3C29-4B3E-AFF6-2A8D07E1103E}.Release|Any CPU.ActiveCfg = Release|Any CPU
		{3CC05FAC-3C29-4B3E-AFF6-2A8D07E1103E}.Release|Any CPU.Build.0 = Release|Any CPU
		{CDB208B2-788A-42AB-8B32-B1CF38677F7C}.Debug|Any CPU.ActiveCfg = Debug|Any CPU
		{CDB208B2-788A-42AB-8B32-B1CF38677F7C}.Debug|Any CPU.Build.0 = Debug|Any CPU
		{CDB208B2-788A-42AB-8B32-B1CF38677F7C}.Release|Any CPU.ActiveCfg = Release|Any CPU
		{CDB208B2-788A-42AB-8B32-B1CF38677F7C}.Release|Any CPU.Build.0 = Release|Any CPU
	EndGlobalSection
	GlobalSection(SolutionProperties) = preSolution
		HideSolutionNode = FALSE
	EndGlobalSection
	GlobalSection(ExtensibilityGlobals) = postSolution
		SolutionGuid = {257B37EF-D770-4240-9F8D-963CE3FA55BC}
	EndGlobalSection
EndGlobal
