
Microsoft Visual Studio Solution File, Format Version 12.00
# Visual Studio Version 17
VisualStudioVersion = 17.4.33213.308
MinimumVisualStudioVersion = 10.0.40219.1
Project("{FAE04EC0-301F-11D3-BF4B-00C04F79EFBC}") = "Day1", "Day1\Day1.csproj", "{898F855E-A848-4692-95BD-DB530EF9B6D3}"
EndProject
Project("{FAE04EC0-301F-11D3-BF4B-00C04F79EFBC}") = "Day4", "Day4\Day4.csproj", "{1DC02B38-B002-4723-AB90-29C6AAB53062}"
EndProject
Project("{FAE04EC0-301F-11D3-BF4B-00C04F79EFBC}") = "Day2", "Day2\Day2.csproj", "{5C4FA1BF-22D1-46D2-B503-B615C597C502}"
EndProject
Project("{FAE04EC0-301F-11D3-BF4B-00C04F79EFBC}") = "Day5", "Day5\Day5.csproj", "{CA5D72F6-BC48-4844-AFB5-89FCF6835E76}"
EndProject
Project("{FAE04EC0-301F-11D3-BF4B-00C04F79EFBC}") = "Day3", "Day3\Day3.csproj", "{DE46EB9A-638C-4A4A-8F7D-08ACCC1A78F8}"
EndProject
Global
	GlobalSection(SolutionConfigurationPlatforms) = preSolution
		Debug|Any CPU = Debug|Any CPU
		Release|Any CPU = Release|Any CPU
	EndGlobalSection
	GlobalSection(ProjectConfigurationPlatforms) = postSolution
		{898F855E-A848-4692-95BD-DB530EF9B6D3}.Debug|Any CPU.ActiveCfg = Debug|Any CPU
		{898F855E-A848-4692-95BD-DB530EF9B6D3}.Debug|Any CPU.Build.0 = Debug|Any CPU
		{898F855E-A848-4692-95BD-DB530EF9B6D3}.Release|Any CPU.ActiveCfg = Release|Any CPU
		{898F855E-A848-4692-95BD-DB530EF9B6D3}.Release|Any CPU.Build.0 = Release|Any CPU
		{1DC02B38-B002-4723-AB90-29C6AAB53062}.Debug|Any CPU.ActiveCfg = Debug|Any CPU
		{1DC02B38-B002-4723-AB90-29C6AAB53062}.Debug|Any CPU.Build.0 = Debug|Any CPU
		{1DC02B38-B002-4723-AB90-29C6AAB53062}.Release|Any CPU.ActiveCfg = Release|Any CPU
		{1DC02B38-B002-4723-AB90-29C6AAB53062}.Release|Any CPU.Build.0 = Release|Any CPU
		{5C4FA1BF-22D1-46D2-B503-B615C597C502}.Debug|Any CPU.ActiveCfg = Debug|Any CPU
		{5C4FA1BF-22D1-46D2-B503-B615C597C502}.Debug|Any CPU.Build.0 = Debug|Any CPU
		{5C4FA1BF-22D1-46D2-B503-B615C597C502}.Release|Any CPU.ActiveCfg = Release|Any CPU
		{5C4FA1BF-22D1-46D2-B503-B615C597C502}.Release|Any CPU.Build.0 = Release|Any CPU
		{CA5D72F6-BC48-4844-AFB5-89FCF6835E76}.Debug|Any CPU.ActiveCfg = Debug|Any CPU
		{CA5D72F6-BC48-4844-AFB5-89FCF6835E76}.Debug|Any CPU.Build.0 = Debug|Any CPU
		{CA5D72F6-BC48-4844-AFB5-89FCF6835E76}.Release|Any CPU.ActiveCfg = Release|Any CPU
		{CA5D72F6-BC48-4844-AFB5-89FCF6835E76}.Release|Any CPU.Build.0 = Release|Any CPU
		{DE46EB9A-638C-4A4A-8F7D-08ACCC1A78F8}.Debug|Any CPU.ActiveCfg = Debug|Any CPU
		{DE46EB9A-638C-4A4A-8F7D-08ACCC1A78F8}.Debug|Any CPU.Build.0 = Debug|Any CPU
		{DE46EB9A-638C-4A4A-8F7D-08ACCC1A78F8}.Release|Any CPU.ActiveCfg = Release|Any CPU
		{DE46EB9A-638C-4A4A-8F7D-08ACCC1A78F8}.Release|Any CPU.Build.0 = Release|Any CPU
	EndGlobalSection
	GlobalSection(SolutionProperties) = preSolution
		HideSolutionNode = FALSE
	EndGlobalSection
	GlobalSection(ExtensibilityGlobals) = postSolution
		SolutionGuid = {257B37EF-D770-4240-9F8D-963CE3FA55BC}
	EndGlobalSection
EndGlobal
